schema: '2.0'
stages:
  load_data:
    cmd: python src/load_data.py --config=params.yaml
    deps:
    - path: data_given/train.csv
      md5: e0df0a56f3f03c084c828b29aaa0f314
      size: 869537
    - path: src/get_data.py
      md5: 2f5d328b5192db2d03e53cd3b8737c99
      size: 690
    - path: src/load_data.py
      md5: d025894c6e03b7abdd8686e1d9bc5f4e
      size: 659
    outs:
    - path: data/raw/train.csv
      md5: e07bb6e40d126f0d68cdf963d7287876
      size: 871595
  split_data:
    cmd: python src/split_data.py --config=params.yaml
    deps:
    - path: data/raw/train.csv
      md5: e07bb6e40d126f0d68cdf963d7287876
      size: 871595
    - path: src/split_data.py
      md5: dd0ec67ca6d4390b8e85ddb15943a35a
      size: 1269
    outs:
    - path: data/processed/test.csv
      md5: 5a79ac03540dd402823dc2d3891917cc
      size: 56997
    - path: data/processed/train.csv
      md5: 291bafaed94268f18f1396cf9b3d3e7a
      size: 227575
  train_and_evaluate:
    cmd: python src/train_and_evaluate.py --config=params.yaml
    deps:
    - path: data/processed/test.csv
      md5: 5a79ac03540dd402823dc2d3891917cc
      size: 56997
    - path: data/processed/train.csv
      md5: 291bafaed94268f18f1396cf9b3d3e7a
      size: 227575
    - path: src/train_and_evaluate.py
      md5: 945fbd252b61010b4b26e6804a7fd33f
      size: 2520
    params:
      params.yaml:
        estimators.ElasticNet.params.alpha: 0.9
        estimators.ElasticNet.params.l1_ratio: 0.4
    outs:
    - path: report/params.json
      md5: 3edba33719fb2399c6bfb97221cac804
      size: 44
    - path: report/scores.json
      md5: 8deaefac67a56532e945d72da00d1afc
      size: 97
    - path: saved_models/model.joblib
      md5: 1c7de3b6b951fce806f6588398fb8497
      size: 810
