schema: '2.0'
stages:
  load_data:
    cmd: python src/load_data.py --config=params.yaml
    deps:
    - path: data_given/train.csv
      md5: e0df0a56f3f03c084c828b29aaa0f314
      size: 869537
    - path: src/get_data.py
      md5: 2f5d328b5192db2d03e53cd3b8737c99
      size: 690
    - path: src/load_data.py
      md5: d025894c6e03b7abdd8686e1d9bc5f4e
      size: 659
    outs:
    - path: data/raw/train.csv
      md5: e07bb6e40d126f0d68cdf963d7287876
      size: 871595
  split_data:
    cmd: python src/split_data.py --config=params.yaml
    deps:
    - path: data/raw/train.csv
      md5: e07bb6e40d126f0d68cdf963d7287876
      size: 871595
    - path: src/split_data.py
      md5: 0d70564a5887277d978bd86077f9de10
      size: 1378
    outs:
    - path: data/processed/test.csv
      md5: 40f18bed3b8a10b0c15791d5a6253273
      size: 94284
    - path: data/processed/train.csv
      md5: 1080f0573037cc981d2c2745fbeced56
      size: 376573
  train_and_evaluate:
    cmd: python src/train_and_evaluate.py --config=params.yaml
    deps:
    - path: data/processed/test.csv
      md5: 40f18bed3b8a10b0c15791d5a6253273
      size: 94284
    - path: data/processed/train.csv
      md5: 1080f0573037cc981d2c2745fbeced56
      size: 376573
    - path: src/train_and_evaluate.py
      md5: 945fbd252b61010b4b26e6804a7fd33f
      size: 2520
    params:
      params.yaml:
        estimators.ElasticNet.params.alpha: 0.9
        estimators.ElasticNet.params.l1_ratio: 0.8
    outs:
    - path: report/params.json
      md5: d4c7afd46e06407281264862dcce6208
      size: 44
    - path: report/scores.json
      md5: f5af1f0270ba9071abf51b3fd95387d8
      size: 96
    - path: saved_models/model.joblib
      md5: 6b9bfad76a037bbecc42d4e37a546931
      size: 810
